
Microsoft Visual Studio Solution File, Format Version 12.00
# Visual Studio Version 16
VisualStudioVersion = 16.0.29519.181
MinimumVisualStudioVersion = 15.0.26124.0
Project("{9A19103F-16F7-4668-BE54-9A1E7A4F7556}") = "Albumify.Web", "Albumify.Web\Albumify.Web.csproj", "{FE8818BE-F92D-47C0-AD72-DC3581DAC27C}"
EndProject
Project("{9A19103F-16F7-4668-BE54-9A1E7A4F7556}") = "Albumify.Domain", "Albumify.Domain\Albumify.Domain.csproj", "{E86D745F-A430-41CE-B881-39679E9A9BA6}"
EndProject
Project("{2150E333-8FDC-42A3-9474-1A3956D46DE8}") = "Solution Items", "Solution Items", "{577E8A25-5E7B-4007-A3B2-75B0AB0D26EC}"
	ProjectSection(SolutionItems) = preProject
		README.md = README.md
	EndProjectSection
EndProject
Project("{9A19103F-16F7-4668-BE54-9A1E7A4F7556}") = "Albumify.Domain.IntegrationTests", "Albumify.Domain.InterationTests\Albumify.Domain.IntegrationTests.csproj", "{243238C7-7041-446D-853E-B860213A6211}"
EndProject
Project("{9A19103F-16F7-4668-BE54-9A1E7A4F7556}") = "Albumify.Domain.UnitTests", "Albumify.Domain.UnitTests\Albumify.Domain.UnitTests.csproj", "{F763858D-E209-46BD-940A-12C09234A824}"
EndProject
Project("{9A19103F-16F7-4668-BE54-9A1E7A4F7556}") = "Albumify.Web.UnitTests", "Albumify.Web.UnitTests\Albumify.Web.UnitTests.csproj", "{92BFAE78-1330-4337-B69D-85324B2609FD}"
EndProject
Project("{2150E333-8FDC-42A3-9474-1A3956D46DE8}") = "InterfaceAdapters", "InterfaceAdapters", "{FF24E7B0-5BEF-4DA0-8360-0C59C28975B7}"
EndProject
Project("{9A19103F-16F7-4668-BE54-9A1E7A4F7556}") = "Albumify.MongoDB", "Albumify.MongoDB\Albumify.MongoDB.csproj", "{CDD25D91-9091-4BC9-93F6-6AC049BB5736}"
EndProject
Project("{2150E333-8FDC-42A3-9474-1A3956D46DE8}") = "Tests", "Tests", "{7D01B412-C79B-4E3B-8884-0F03C0AD56B3}"
EndProject
Project("{9A19103F-16F7-4668-BE54-9A1E7A4F7556}") = "Albumify.MongoDB.IntegrationTests", "Albumify.MongoDB.IntegrationTests\Albumify.MongoDB.IntegrationTests.csproj", "{D35C73DF-52BA-4AE3-8E6D-C79FF3E239D4}"
EndProject
Project("{FAE04EC0-301F-11D3-BF4B-00C04F79EFBC}") = "Albumify.Spotify", "Albumify.Spotify\Albumify.Spotify.csproj", "{A35638DD-05FB-408C-8AED-5F68F1FBE932}"
EndProject
Project("{FAE04EC0-301F-11D3-BF4B-00C04F79EFBC}") = "Albumify.Spotify.UnitTests", "Albumify.Spotify.UnitTests\Albumify.Spotify.UnitTests.csproj", "{44CCDEAE-0ED7-4068-9A75-F757A1A16D2C}"
EndProject
Project("{FAE04EC0-301F-11D3-BF4B-00C04F79EFBC}") = "Albumify.Spotify.IntegrationTests", "Albumify.Spotify.IntegrationTests\Albumify.Spotify.IntegrationTests.csproj", "{BBC56044-F15A-4CAC-9748-E32B1BBE991E}"
EndProject
Global
	GlobalSection(SolutionConfigurationPlatforms) = preSolution
		Debug|Any CPU = Debug|Any CPU
		Debug|x64 = Debug|x64
		Debug|x86 = Debug|x86
		Release|Any CPU = Release|Any CPU
		Release|x64 = Release|x64
		Release|x86 = Release|x86
	EndGlobalSection
	GlobalSection(ProjectConfigurationPlatforms) = postSolution
		{FE8818BE-F92D-47C0-AD72-DC3581DAC27C}.Debug|Any CPU.ActiveCfg = Debug|Any CPU
		{FE8818BE-F92D-47C0-AD72-DC3581DAC27C}.Debug|Any CPU.Build.0 = Debug|Any CPU
		{FE8818BE-F92D-47C0-AD72-DC3581DAC27C}.Debug|x64.ActiveCfg = Debug|Any CPU
		{FE8818BE-F92D-47C0-AD72-DC3581DAC27C}.Debug|x64.Build.0 = Debug|Any CPU
		{FE8818BE-F92D-47C0-AD72-DC3581DAC27C}.Debug|x86.ActiveCfg = Debug|Any CPU
		{FE8818BE-F92D-47C0-AD72-DC3581DAC27C}.Debug|x86.Build.0 = Debug|Any CPU
		{FE8818BE-F92D-47C0-AD72-DC3581DAC27C}.Release|Any CPU.ActiveCfg = Release|Any CPU
		{FE8818BE-F92D-47C0-AD72-DC3581DAC27C}.Release|Any CPU.Build.0 = Release|Any CPU
		{FE8818BE-F92D-47C0-AD72-DC3581DAC27C}.Release|x64.ActiveCfg = Release|Any CPU
		{FE8818BE-F92D-47C0-AD72-DC3581DAC27C}.Release|x64.Build.0 = Release|Any CPU
		{FE8818BE-F92D-47C0-AD72-DC3581DAC27C}.Release|x86.ActiveCfg = Release|Any CPU
		{FE8818BE-F92D-47C0-AD72-DC3581DAC27C}.Release|x86.Build.0 = Release|Any CPU
		{E86D745F-A430-41CE-B881-39679E9A9BA6}.Debug|Any CPU.ActiveCfg = Debug|Any CPU
		{E86D745F-A430-41CE-B881-39679E9A9BA6}.Debug|Any CPU.Build.0 = Debug|Any CPU
		{E86D745F-A430-41CE-B881-39679E9A9BA6}.Debug|x64.ActiveCfg = Debug|Any CPU
		{E86D745F-A430-41CE-B881-39679E9A9BA6}.Debug|x64.Build.0 = Debug|Any CPU
		{E86D745F-A430-41CE-B881-39679E9A9BA6}.Debug|x86.ActiveCfg = Debug|Any CPU
		{E86D745F-A430-41CE-B881-39679E9A9BA6}.Debug|x86.Build.0 = Debug|Any CPU
		{E86D745F-A430-41CE-B881-39679E9A9BA6}.Release|Any CPU.ActiveCfg = Release|Any CPU
		{E86D745F-A430-41CE-B881-39679E9A9BA6}.Release|Any CPU.Build.0 = Release|Any CPU
		{E86D745F-A430-41CE-B881-39679E9A9BA6}.Release|x64.ActiveCfg = Release|Any CPU
		{E86D745F-A430-41CE-B881-39679E9A9BA6}.Release|x64.Build.0 = Release|Any CPU
		{E86D745F-A430-41CE-B881-39679E9A9BA6}.Release|x86.ActiveCfg = Release|Any CPU
		{E86D745F-A430-41CE-B881-39679E9A9BA6}.Release|x86.Build.0 = Release|Any CPU
		{243238C7-7041-446D-853E-B860213A6211}.Debug|Any CPU.ActiveCfg = Debug|Any CPU
		{243238C7-7041-446D-853E-B860213A6211}.Debug|Any CPU.Build.0 = Debug|Any CPU
		{243238C7-7041-446D-853E-B860213A6211}.Debug|x64.ActiveCfg = Debug|Any CPU
		{243238C7-7041-446D-853E-B860213A6211}.Debug|x64.Build.0 = Debug|Any CPU
		{243238C7-7041-446D-853E-B860213A6211}.Debug|x86.ActiveCfg = Debug|Any CPU
		{243238C7-7041-446D-853E-B860213A6211}.Debug|x86.Build.0 = Debug|Any CPU
		{243238C7-7041-446D-853E-B860213A6211}.Release|Any CPU.ActiveCfg = Release|Any CPU
		{243238C7-7041-446D-853E-B860213A6211}.Release|Any CPU.Build.0 = Release|Any CPU
		{243238C7-7041-446D-853E-B860213A6211}.Release|x64.ActiveCfg = Release|Any CPU
		{243238C7-7041-446D-853E-B860213A6211}.Release|x64.Build.0 = Release|Any CPU
		{243238C7-7041-446D-853E-B860213A6211}.Release|x86.ActiveCfg = Release|Any CPU
		{243238C7-7041-446D-853E-B860213A6211}.Release|x86.Build.0 = Release|Any CPU
		{F763858D-E209-46BD-940A-12C09234A824}.Debug|Any CPU.ActiveCfg = Debug|Any CPU
		{F763858D-E209-46BD-940A-12C09234A824}.Debug|Any CPU.Build.0 = Debug|Any CPU
		{F763858D-E209-46BD-940A-12C09234A824}.Debug|x64.ActiveCfg = Debug|Any CPU
		{F763858D-E209-46BD-940A-12C09234A824}.Debug|x64.Build.0 = Debug|Any CPU
		{F763858D-E209-46BD-940A-12C09234A824}.Debug|x86.ActiveCfg = Debug|Any CPU
		{F763858D-E209-46BD-940A-12C09234A824}.Debug|x86.Build.0 = Debug|Any CPU
		{F763858D-E209-46BD-940A-12C09234A824}.Release|Any CPU.ActiveCfg = Release|Any CPU
		{F763858D-E209-46BD-940A-12C09234A824}.Release|Any CPU.Build.0 = Release|Any CPU
		{F763858D-E209-46BD-940A-12C09234A824}.Release|x64.ActiveCfg = Release|Any CPU
		{F763858D-E209-46BD-940A-12C09234A824}.Release|x64.Build.0 = Release|Any CPU
		{F763858D-E209-46BD-940A-12C09234A824}.Release|x86.ActiveCfg = Release|Any CPU
		{F763858D-E209-46BD-940A-12C09234A824}.Release|x86.Build.0 = Release|Any CPU
		{92BFAE78-1330-4337-B69D-85324B2609FD}.Debug|Any CPU.ActiveCfg = Debug|Any CPU
		{92BFAE78-1330-4337-B69D-85324B2609FD}.Debug|Any CPU.Build.0 = Debug|Any CPU
		{92BFAE78-1330-4337-B69D-85324B2609FD}.Debug|x64.ActiveCfg = Debug|Any CPU
		{92BFAE78-1330-4337-B69D-85324B2609FD}.Debug|x64.Build.0 = Debug|Any CPU
		{92BFAE78-1330-4337-B69D-85324B2609FD}.Debug|x86.ActiveCfg = Debug|Any CPU
		{92BFAE78-1330-4337-B69D-85324B2609FD}.Debug|x86.Build.0 = Debug|Any CPU
		{92BFAE78-1330-4337-B69D-85324B2609FD}.Release|Any CPU.ActiveCfg = Release|Any CPU
		{92BFAE78-1330-4337-B69D-85324B2609FD}.Release|Any CPU.Build.0 = Release|Any CPU
		{92BFAE78-1330-4337-B69D-85324B2609FD}.Release|x64.ActiveCfg = Release|Any CPU
		{92BFAE78-1330-4337-B69D-85324B2609FD}.Release|x64.Build.0 = Release|Any CPU
		{92BFAE78-1330-4337-B69D-85324B2609FD}.Release|x86.ActiveCfg = Release|Any CPU
		{92BFAE78-1330-4337-B69D-85324B2609FD}.Release|x86.Build.0 = Release|Any CPU
		{CDD25D91-9091-4BC9-93F6-6AC049BB5736}.Debug|Any CPU.ActiveCfg = Debug|Any CPU
		{CDD25D91-9091-4BC9-93F6-6AC049BB5736}.Debug|Any CPU.Build.0 = Debug|Any CPU
		{CDD25D91-9091-4BC9-93F6-6AC049BB5736}.Debug|x64.ActiveCfg = Debug|Any CPU
		{CDD25D91-9091-4BC9-93F6-6AC049BB5736}.Debug|x64.Build.0 = Debug|Any CPU
		{CDD25D91-9091-4BC9-93F6-6AC049BB5736}.Debug|x86.ActiveCfg = Debug|Any CPU
		{CDD25D91-9091-4BC9-93F6-6AC049BB5736}.Debug|x86.Build.0 = Debug|Any CPU
		{CDD25D91-9091-4BC9-93F6-6AC049BB5736}.Release|Any CPU.ActiveCfg = Release|Any CPU
		{CDD25D91-9091-4BC9-93F6-6AC049BB5736}.Release|Any CPU.Build.0 = Release|Any CPU
		{CDD25D91-9091-4BC9-93F6-6AC049BB5736}.Release|x64.ActiveCfg = Release|Any CPU
		{CDD25D91-9091-4BC9-93F6-6AC049BB5736}.Release|x64.Build.0 = Release|Any CPU
		{CDD25D91-9091-4BC9-93F6-6AC049BB5736}.Release|x86.ActiveCfg = Release|Any CPU
		{CDD25D91-9091-4BC9-93F6-6AC049BB5736}.Release|x86.Build.0 = Release|Any CPU
		{D35C73DF-52BA-4AE3-8E6D-C79FF3E239D4}.Debug|Any CPU.ActiveCfg = Debug|Any CPU
		{D35C73DF-52BA-4AE3-8E6D-C79FF3E239D4}.Debug|Any CPU.Build.0 = Debug|Any CPU
		{D35C73DF-52BA-4AE3-8E6D-C79FF3E239D4}.Debug|x64.ActiveCfg = Debug|Any CPU
		{D35C73DF-52BA-4AE3-8E6D-C79FF3E239D4}.Debug|x64.Build.0 = Debug|Any CPU
		{D35C73DF-52BA-4AE3-8E6D-C79FF3E239D4}.Debug|x86.ActiveCfg = Debug|Any CPU
		{D35C73DF-52BA-4AE3-8E6D-C79FF3E239D4}.Debug|x86.Build.0 = Debug|Any CPU
		{D35C73DF-52BA-4AE3-8E6D-C79FF3E239D4}.Release|Any CPU.ActiveCfg = Release|Any CPU
		{D35C73DF-52BA-4AE3-8E6D-C79FF3E239D4}.Release|Any CPU.Build.0 = Release|Any CPU
		{D35C73DF-52BA-4AE3-8E6D-C79FF3E239D4}.Release|x64.ActiveCfg = Release|Any CPU
		{D35C73DF-52BA-4AE3-8E6D-C79FF3E239D4}.Release|x64.Build.0 = Release|Any CPU
		{D35C73DF-52BA-4AE3-8E6D-C79FF3E239D4}.Release|x86.ActiveCfg = Release|Any CPU
		{D35C73DF-52BA-4AE3-8E6D-C79FF3E239D4}.Release|x86.Build.0 = Release|Any CPU
		{A35638DD-05FB-408C-8AED-5F68F1FBE932}.Debug|Any CPU.ActiveCfg = Debug|Any CPU
		{A35638DD-05FB-408C-8AED-5F68F1FBE932}.Debug|Any CPU.Build.0 = Debug|Any CPU
		{A35638DD-05FB-408C-8AED-5F68F1FBE932}.Debug|x64.ActiveCfg = Debug|Any CPU
		{A35638DD-05FB-408C-8AED-5F68F1FBE932}.Debug|x64.Build.0 = Debug|Any CPU
		{A35638DD-05FB-408C-8AED-5F68F1FBE932}.Debug|x86.ActiveCfg = Debug|Any CPU
		{A35638DD-05FB-408C-8AED-5F68F1FBE932}.Debug|x86.Build.0 = Debug|Any CPU
		{A35638DD-05FB-408C-8AED-5F68F1FBE932}.Release|Any CPU.ActiveCfg = Release|Any CPU
		{A35638DD-05FB-408C-8AED-5F68F1FBE932}.Release|Any CPU.Build.0 = Release|Any CPU
		{A35638DD-05FB-408C-8AED-5F68F1FBE932}.Release|x64.ActiveCfg = Release|Any CPU
		{A35638DD-05FB-408C-8AED-5F68F1FBE932}.Release|x64.Build.0 = Release|Any CPU
		{A35638DD-05FB-408C-8AED-5F68F1FBE932}.Release|x86.ActiveCfg = Release|Any CPU
		{A35638DD-05FB-408C-8AED-5F68F1FBE932}.Release|x86.Build.0 = Release|Any CPU
		{44CCDEAE-0ED7-4068-9A75-F757A1A16D2C}.Debug|Any CPU.ActiveCfg = Debug|Any CPU
		{44CCDEAE-0ED7-4068-9A75-F757A1A16D2C}.Debug|Any CPU.Build.0 = Debug|Any CPU
		{44CCDEAE-0ED7-4068-9A75-F757A1A16D2C}.Debug|x64.ActiveCfg = Debug|Any CPU
		{44CCDEAE-0ED7-4068-9A75-F757A1A16D2C}.Debug|x64.Build.0 = Debug|Any CPU
		{44CCDEAE-0ED7-4068-9A75-F757A1A16D2C}.Debug|x86.ActiveCfg = Debug|Any CPU
		{44CCDEAE-0ED7-4068-9A75-F757A1A16D2C}.Debug|x86.Build.0 = Debug|Any CPU
		{44CCDEAE-0ED7-4068-9A75-F757A1A16D2C}.Release|Any CPU.ActiveCfg = Release|Any CPU
		{44CCDEAE-0ED7-4068-9A75-F757A1A16D2C}.Release|Any CPU.Build.0 = Release|Any CPU
		{44CCDEAE-0ED7-4068-9A75-F757A1A16D2C}.Release|x64.ActiveCfg = Release|Any CPU
		{44CCDEAE-0ED7-4068-9A75-F757A1A16D2C}.Release|x64.Build.0 = Release|Any CPU
		{44CCDEAE-0ED7-4068-9A75-F757A1A16D2C}.Release|x86.ActiveCfg = Release|Any CPU
		{44CCDEAE-0ED7-4068-9A75-F757A1A16D2C}.Release|x86.Build.0 = Release|Any CPU
		{BBC56044-F15A-4CAC-9748-E32B1BBE991E}.Debug|Any CPU.ActiveCfg = Debug|Any CPU
		{BBC56044-F15A-4CAC-9748-E32B1BBE991E}.Debug|Any CPU.Build.0 = Debug|Any CPU
		{BBC56044-F15A-4CAC-9748-E32B1BBE991E}.Debug|x64.ActiveCfg = Debug|Any CPU
		{BBC56044-F15A-4CAC-9748-E32B1BBE991E}.Debug|x64.Build.0 = Debug|Any CPU
		{BBC56044-F15A-4CAC-9748-E32B1BBE991E}.Debug|x86.ActiveCfg = Debug|Any CPU
		{BBC56044-F15A-4CAC-9748-E32B1BBE991E}.Debug|x86.Build.0 = Debug|Any CPU
		{BBC56044-F15A-4CAC-9748-E32B1BBE991E}.Release|Any CPU.ActiveCfg = Release|Any CPU
		{BBC56044-F15A-4CAC-9748-E32B1BBE991E}.Release|Any CPU.Build.0 = Release|Any CPU
		{BBC56044-F15A-4CAC-9748-E32B1BBE991E}.Release|x64.ActiveCfg = Release|Any CPU
		{BBC56044-F15A-4CAC-9748-E32B1BBE991E}.Release|x64.Build.0 = Release|Any CPU
		{BBC56044-F15A-4CAC-9748-E32B1BBE991E}.Release|x86.ActiveCfg = Release|Any CPU
		{BBC56044-F15A-4CAC-9748-E32B1BBE991E}.Release|x86.Build.0 = Release|Any CPU
	EndGlobalSection
	GlobalSection(SolutionProperties) = preSolution
		HideSolutionNode = FALSE
	EndGlobalSection
	GlobalSection(NestedProjects) = preSolution
		{CDD25D91-9091-4BC9-93F6-6AC049BB5736} = {FF24E7B0-5BEF-4DA0-8360-0C59C28975B7}
		{D35C73DF-52BA-4AE3-8E6D-C79FF3E239D4} = {7D01B412-C79B-4E3B-8884-0F03C0AD56B3}
		{A35638DD-05FB-408C-8AED-5F68F1FBE932} = {FF24E7B0-5BEF-4DA0-8360-0C59C28975B7}
		{44CCDEAE-0ED7-4068-9A75-F757A1A16D2C} = {7D01B412-C79B-4E3B-8884-0F03C0AD56B3}
		{BBC56044-F15A-4CAC-9748-E32B1BBE991E} = {7D01B412-C79B-4E3B-8884-0F03C0AD56B3}
	EndGlobalSection
	GlobalSection(ExtensibilityGlobals) = postSolution
		SolutionGuid = {E908497D-5B1B-4A0D-8901-511224E02E83}
	EndGlobalSection
EndGlobal
